// !$*UTF8*$!
{
	archiveVersion = 1;
	classes = {
	};
	objectVersion = 56;
	objects = {

/* Begin PBXBuildFile section */
		4C2D9D5C2C331FC900B448F8 /* baku.cpp in Sources */ = {isa = PBXBuildFile; fileRef = 4C2D9D5A2C331FC900B448F8 /* baku.cpp */; };
		4C2ED6112D3C989800D27664 /* Matching.cpp in Sources */ = {isa = PBXBuildFile; fileRef = 4C2ED6102D3C989800D27664 /* Matching.cpp */; };
		4C2ED6122D3C989800D27664 /* BinaryHeap.cpp in Sources */ = {isa = PBXBuildFile; fileRef = 4C2ED6092D3C989800D27664 /* BinaryHeap.cpp */; };
		4C2ED6142D3C989800D27664 /* Graph.cpp in Sources */ = {isa = PBXBuildFile; fileRef = 4C2ED60D2D3C989800D27664 /* Graph.cpp */; };
		4C369C742C000477001FCA32 /* fpc.cpp in Sources */ = {isa = PBXBuildFile; fileRef = 4C369C722C000477001FCA32 /* fpc.cpp */; };
		4C4B9A0E2BF06DEB00CD068A /* main.cpp in Sources */ = {isa = PBXBuildFile; fileRef = 4C4B9A0D2BF06DEB00CD068A /* main.cpp */; };
		4C4B9A162BF06E0D00CD068A /* Player.cpp in Sources */ = {isa = PBXBuildFile; fileRef = 4C4B9A142BF06E0D00CD068A /* Player.cpp */; };
		4C4B9A192BF0765700CD068A /* Tournament.cpp in Sources */ = {isa = PBXBuildFile; fileRef = 4C4B9A172BF0765700CD068A /* Tournament.cpp */; };
		4C4B9A1C2BF07C0900CD068A /* LinkedList.cpp in Sources */ = {isa = PBXBuildFile; fileRef = 4C4B9A1A2BF07C0900CD068A /* LinkedList.cpp */; };
		4C56D7F92BF56967001CBD74 /* trf.cpp in Sources */ = {isa = PBXBuildFile; fileRef = 4C6D97AE2BF4599F00A02195 /* trf.cpp */; };
		4C825D002BFE9319005AB907 /* rtg.cpp in Sources */ = {isa = PBXBuildFile; fileRef = 4C825CFE2BFE9319005AB907 /* rtg.cpp */; };
		4CEAA2002D6A86C400250D2D /* csv.cpp in Sources */ = {isa = PBXBuildFile; fileRef = 4CEAA1FF2D6A86C400250D2D /* csv.cpp */; };
/* End PBXBuildFile section */

/* Begin PBXCopyFilesBuildPhase section */
		4C4B9A082BF06DEB00CD068A /* CopyFiles */ = {
			isa = PBXCopyFilesBuildPhase;
			buildActionMask = 2147483647;
			dstPath = /usr/share/man/man1/;
			dstSubfolderSpec = 0;
			files = (
			);
			runOnlyForDeploymentPostprocessing = 1;
		};
/* End PBXCopyFilesBuildPhase section */

/* Begin PBXFileReference section */
		4C0A7A0A2D3DAADE002D5E71 /* README.md */ = {isa = PBXFileReference; lastKnownFileType = net.daringfireball.markdown; path = README.md; sourceTree = "<group>"; };
		4C0A7A0B2D3DAD47002D5E71 /* random1.trf */ = {isa = PBXFileReference; lastKnownFileType = text; path = random1.trf; sourceTree = "<group>"; };
		4C16CFF22D651104004B7356 /* parsing_test.trf */ = {isa = PBXFileReference; lastKnownFileType = text; path = parsing_test.trf; sourceTree = "<group>"; };
		4C16CFF32D6594F5004B7356 /* baku_test.trf */ = {isa = PBXFileReference; lastKnownFileType = text; path = baku_test.trf; sourceTree = "<group>"; };
		4C2D9D5A2C331FC900B448F8 /* baku.cpp */ = {isa = PBXFileReference; lastKnownFileType = sourcecode.cpp.cpp; path = baku.cpp; sourceTree = "<group>"; };
		4C2D9D5B2C331FC900B448F8 /* baku.hpp */ = {isa = PBXFileReference; lastKnownFileType = sourcecode.cpp.h; path = baku.hpp; sourceTree = "<group>"; };
		4C2ED6062D3C33FC00D27664 /* build.sh */ = {isa = PBXFileReference; lastKnownFileType = text.script.sh; path = build.sh; sourceTree = "<group>"; };
		4C2ED6082D3C989800D27664 /* BinaryHeap.h */ = {isa = PBXFileReference; lastKnownFileType = sourcecode.c.h; path = BinaryHeap.h; sourceTree = "<group>"; };
		4C2ED6092D3C989800D27664 /* BinaryHeap.cpp */ = {isa = PBXFileReference; lastKnownFileType = sourcecode.cpp.cpp; path = BinaryHeap.cpp; sourceTree = "<group>"; };
		4C2ED60B2D3C989800D27664 /* Globals.h */ = {isa = PBXFileReference; lastKnownFileType = sourcecode.c.h; path = Globals.h; sourceTree = "<group>"; };
		4C2ED60C2D3C989800D27664 /* Graph.h */ = {isa = PBXFileReference; lastKnownFileType = sourcecode.c.h; path = Graph.h; sourceTree = "<group>"; };
		4C2ED60D2D3C989800D27664 /* Graph.cpp */ = {isa = PBXFileReference; lastKnownFileType = sourcecode.cpp.cpp; path = Graph.cpp; sourceTree = "<group>"; };
		4C2ED60E2D3C989800D27664 /* LICENSE */ = {isa = PBXFileReference; lastKnownFileType = text; path = LICENSE; sourceTree = "<group>"; };
		4C2ED60F2D3C989800D27664 /* Matching.h */ = {isa = PBXFileReference; lastKnownFileType = sourcecode.c.h; path = Matching.h; sourceTree = "<group>"; };
		4C2ED6102D3C989800D27664 /* Matching.cpp */ = {isa = PBXFileReference; lastKnownFileType = sourcecode.cpp.cpp; path = Matching.cpp; sourceTree = "<group>"; };
		4C369C722C000477001FCA32 /* fpc.cpp */ = {isa = PBXFileReference; lastKnownFileType = sourcecode.cpp.cpp; path = fpc.cpp; sourceTree = "<group>"; };
		4C369C732C000477001FCA32 /* fpc.hpp */ = {isa = PBXFileReference; lastKnownFileType = sourcecode.cpp.h; path = fpc.hpp; sourceTree = "<group>"; };
		4C4996C02C014136003317FC /* README.md */ = {isa = PBXFileReference; lastKnownFileType = net.daringfireball.markdown; path = README.md; sourceTree = "<group>"; };
		4C4996C12C014F86003317FC /* LICENSE */ = {isa = PBXFileReference; lastKnownFileType = text; path = LICENSE; sourceTree = "<group>"; };
		4C4B9A0A2BF06DEB00CD068A /* DubovSystem */ = {isa = PBXFileReference; explicitFileType = "compiled.mach-o.executable"; includeInIndex = 0; path = DubovSystem; sourceTree = BUILT_PRODUCTS_DIR; };
		4C4B9A0D2BF06DEB00CD068A /* main.cpp */ = {isa = PBXFileReference; lastKnownFileType = sourcecode.cpp.cpp; path = main.cpp; sourceTree = "<group>"; };
		4C4B9A142BF06E0D00CD068A /* Player.cpp */ = {isa = PBXFileReference; lastKnownFileType = sourcecode.cpp.cpp; path = Player.cpp; sourceTree = "<group>"; };
		4C4B9A152BF06E0D00CD068A /* Player.hpp */ = {isa = PBXFileReference; lastKnownFileType = sourcecode.cpp.h; path = Player.hpp; sourceTree = "<group>"; };
		4C4B9A172BF0765700CD068A /* Tournament.cpp */ = {isa = PBXFileReference; lastKnownFileType = sourcecode.cpp.cpp; path = Tournament.cpp; sourceTree = "<group>"; };
		4C4B9A182BF0765700CD068A /* Tournament.hpp */ = {isa = PBXFileReference; lastKnownFileType = sourcecode.cpp.h; path = Tournament.hpp; sourceTree = "<group>"; };
		4C4B9A1A2BF07C0900CD068A /* LinkedList.cpp */ = {isa = PBXFileReference; lastKnownFileType = sourcecode.cpp.cpp; path = LinkedList.cpp; sourceTree = "<group>"; };
		4C4B9A1B2BF07C0900CD068A /* LinkedList.hpp */ = {isa = PBXFileReference; lastKnownFileType = sourcecode.cpp.h; path = LinkedList.hpp; sourceTree = "<group>"; };
		4C6D97AE2BF4599F00A02195 /* trf.cpp */ = {isa = PBXFileReference; lastKnownFileType = sourcecode.cpp.cpp; path = trf.cpp; sourceTree = "<group>"; };
		4C6D97AF2BF4599F00A02195 /* trf.hpp */ = {isa = PBXFileReference; lastKnownFileType = sourcecode.cpp.h; path = trf.hpp; sourceTree = "<group>"; };
		4C7C6DDF2C60865D00D22895 /* assertm.h */ = {isa = PBXFileReference; lastKnownFileType = sourcecode.c.h; path = assertm.h; sourceTree = "<group>"; };
		4C825CFE2BFE9319005AB907 /* rtg.cpp */ = {isa = PBXFileReference; lastKnownFileType = sourcecode.cpp.cpp; path = rtg.cpp; sourceTree = "<group>"; };
		4C825CFF2BFE9319005AB907 /* rtg.hpp */ = {isa = PBXFileReference; lastKnownFileType = sourcecode.cpp.h; path = rtg.hpp; sourceTree = "<group>"; };
		4CC02D602C852B2B003F51ED /* CHANGELOG.md */ = {isa = PBXFileReference; lastKnownFileType = net.daringfireball.markdown; path = CHANGELOG.md; sourceTree = SOURCE_ROOT; };
		4CC67F5B2C503A8B0020DBC6 /* csv.hpp */ = {isa = PBXFileReference; lastKnownFileType = sourcecode.cpp.h; path = csv.hpp; sourceTree = "<group>"; };
		4CE3756D2D46F65E0067460D /* random2.trf */ = {isa = PBXFileReference; lastKnownFileType = text; path = random2.trf; sourceTree = "<group>"; };
		4CE3756E2D46F83A0067460D /* test.trf */ = {isa = PBXFileReference; lastKnownFileType = text; path = test.trf; sourceTree = "<group>"; };
		4CE3756F2D46FA6A0067460D /* test2.trf */ = {isa = PBXFileReference; lastKnownFileType = text; path = test2.trf; sourceTree = "<group>"; };
		4CEAA1FF2D6A86C400250D2D /* csv.cpp */ = {isa = PBXFileReference; lastKnownFileType = sourcecode.cpp.cpp; path = csv.cpp; sourceTree = "<group>"; };
/* End PBXFileReference section */

/* Begin PBXFrameworksBuildPhase section */
		4C4B9A072BF06DEB00CD068A /* Frameworks */ = {
			isa = PBXFrameworksBuildPhase;
			buildActionMask = 2147483647;
			files = (
			);
			runOnlyForDeploymentPostprocessing = 0;
		};
/* End PBXFrameworksBuildPhase section */

/* Begin PBXGroup section */
		4C4B9A012BF06DEB00CD068A = {
			isa = PBXGroup;
			children = (
				4C4996C02C014136003317FC /* README.md */,
				4C2ED6062D3C33FC00D27664 /* build.sh */,
				4CC02D602C852B2B003F51ED /* CHANGELOG.md */,
				4C4996C12C014F86003317FC /* LICENSE */,
				4C4B9A0C2BF06DEB00CD068A /* DubovSystem */,
				4C4B9A0B2BF06DEB00CD068A /* Products */,
			);
			sourceTree = "<group>";
		};
		4C4B9A0B2BF06DEB00CD068A /* Products */ = {
			isa = PBXGroup;
			children = (
				4C4B9A0A2BF06DEB00CD068A /* DubovSystem */,
			);
			name = Products;
			sourceTree = "<group>";
		};
		4C4B9A0C2BF06DEB00CD068A /* DubovSystem */ = {
			isa = PBXGroup;
			children = (
				4C4B9A0D2BF06DEB00CD068A /* main.cpp */,
				4C62C38A2C5BF28A00DBD13F /* graph util */,
				4CC67F592C503A7B0020DBC6 /* csv util */,
				4C369C722C000477001FCA32 /* fpc.cpp */,
				4C369C732C000477001FCA32 /* fpc.hpp */,
				4C6D97AD2BF4599000A02195 /* trf util */,
				4C4B9A142BF06E0D00CD068A /* Player.cpp */,
				4C4B9A172BF0765700CD068A /* Tournament.cpp */,
				4C7C6DDF2C60865D00D22895 /* assertm.h */,
				4C2D9D5A2C331FC900B448F8 /* baku.cpp */,
				4C2D9D5B2C331FC900B448F8 /* baku.hpp */,
				4C56D7F62BF567F1001CBD74 /* tests */,
				4C4B9A1A2BF07C0900CD068A /* LinkedList.cpp */,
				4C4B9A1B2BF07C0900CD068A /* LinkedList.hpp */,
				4C4B9A182BF0765700CD068A /* Tournament.hpp */,
				4C4B9A152BF06E0D00CD068A /* Player.hpp */,
			);
			path = DubovSystem;
			sourceTree = "<group>";
		};
		4C56D7F62BF567F1001CBD74 /* tests */ = {
			isa = PBXGroup;
			children = (
				4C0A7A0A2D3DAADE002D5E71 /* README.md */,
				4C0A7A0B2D3DAD47002D5E71 /* random1.trf */,
				4CE3756D2D46F65E0067460D /* random2.trf */,
				4CE3756E2D46F83A0067460D /* test.trf */,
				4CE3756F2D46FA6A0067460D /* test2.trf */,
				4C16CFF22D651104004B7356 /* parsing_test.trf */,
				4C16CFF32D6594F5004B7356 /* baku_test.trf */,
			);
			path = tests;
			sourceTree = "<group>";
		};
		4C62C38A2C5BF28A00DBD13F /* graph util */ = {
			isa = PBXGroup;
			children = (
				4C2ED6082D3C989800D27664 /* BinaryHeap.h */,
				4C2ED6092D3C989800D27664 /* BinaryHeap.cpp */,
				4C2ED60B2D3C989800D27664 /* Globals.h */,
				4C2ED60C2D3C989800D27664 /* Graph.h */,
				4C2ED60D2D3C989800D27664 /* Graph.cpp */,
				4C2ED60E2D3C989800D27664 /* LICENSE */,
				4C2ED60F2D3C989800D27664 /* Matching.h */,
				4C2ED6102D3C989800D27664 /* Matching.cpp */,
			);
			path = "graph util";
			sourceTree = "<group>";
		};
		4C6D97AD2BF4599000A02195 /* trf util */ = {
			isa = PBXGroup;
			children = (
				4C6D97AE2BF4599F00A02195 /* trf.cpp */,
				4C6D97AF2BF4599F00A02195 /* trf.hpp */,
				4C825CFE2BFE9319005AB907 /* rtg.cpp */,
				4C825CFF2BFE9319005AB907 /* rtg.hpp */,
			);
			path = "trf util";
			sourceTree = "<group>";
		};
		4CC67F592C503A7B0020DBC6 /* csv util */ = {
			isa = PBXGroup;
			children = (
				4CEAA1FF2D6A86C400250D2D /* csv.cpp */,
				4CC67F5B2C503A8B0020DBC6 /* csv.hpp */,
			);
			path = "csv util";
			sourceTree = "<group>";
		};
/* End PBXGroup section */

/* Begin PBXNativeTarget section */
		4C4B9A092BF06DEB00CD068A /* DubovSystem */ = {
			isa = PBXNativeTarget;
			buildConfigurationList = 4C4B9A112BF06DEB00CD068A /* Build configuration list for PBXNativeTarget "DubovSystem" */;
			buildPhases = (
				4C4B9A062BF06DEB00CD068A /* Sources */,
				4C4B9A072BF06DEB00CD068A /* Frameworks */,
				4C4B9A082BF06DEB00CD068A /* CopyFiles */,
			);
			buildRules = (
			);
			dependencies = (
			);
			name = DubovSystem;
			productName = DubovSystem;
			productReference = 4C4B9A0A2BF06DEB00CD068A /* DubovSystem */;
			productType = "com.apple.product-type.tool";
		};
/* End PBXNativeTarget section */

/* Begin PBXProject section */
		4C4B9A022BF06DEB00CD068A /* Project object */ = {
			isa = PBXProject;
			attributes = {
				BuildIndependentTargetsInParallel = 1;
				LastUpgradeCheck = 1540;
				TargetAttributes = {
					4C4B9A092BF06DEB00CD068A = {
						CreatedOnToolsVersion = 15.3;
					};
				};
			};
			buildConfigurationList = 4C4B9A052BF06DEB00CD068A /* Build configuration list for PBXProject "DubovSystem" */;
			compatibilityVersion = "Xcode 14.0";
			developmentRegion = en;
			hasScannedForEncodings = 0;
			knownRegions = (
				en,
				Base,
			);
			mainGroup = 4C4B9A012BF06DEB00CD068A;
			productRefGroup = 4C4B9A0B2BF06DEB00CD068A /* Products */;
			projectDirPath = "";
			projectRoot = "";
			targets = (
				4C4B9A092BF06DEB00CD068A /* DubovSystem */,
			);
		};
/* End PBXProject section */

/* Begin PBXSourcesBuildPhase section */
		4C4B9A062BF06DEB00CD068A /* Sources */ = {
			isa = PBXSourcesBuildPhase;
			buildActionMask = 2147483647;
			files = (
				4CEAA2002D6A86C400250D2D /* csv.cpp in Sources */,
				4C2ED6112D3C989800D27664 /* Matching.cpp in Sources */,
				4C2ED6122D3C989800D27664 /* BinaryHeap.cpp in Sources */,
				4C2ED6142D3C989800D27664 /* Graph.cpp in Sources */,
				4C4B9A162BF06E0D00CD068A /* Player.cpp in Sources */,
				4C56D7F92BF56967001CBD74 /* trf.cpp in Sources */,
				4C4B9A0E2BF06DEB00CD068A /* main.cpp in Sources */,
				4C825D002BFE9319005AB907 /* rtg.cpp in Sources */,
				4C2D9D5C2C331FC900B448F8 /* baku.cpp in Sources */,
				4C369C742C000477001FCA32 /* fpc.cpp in Sources */,
				4C4B9A1C2BF07C0900CD068A /* LinkedList.cpp in Sources */,
				4C4B9A192BF0765700CD068A /* Tournament.cpp in Sources */,
			);
			runOnlyForDeploymentPostprocessing = 0;
		};
/* End PBXSourcesBuildPhase section */

/* Begin XCBuildConfiguration section */
		4C4B9A0F2BF06DEB00CD068A /* Debug */ = {
			isa = XCBuildConfiguration;
			buildSettings = {
				ALWAYS_SEARCH_USER_PATHS = NO;
				ASSETCATALOG_COMPILER_GENERATE_SWIFT_ASSET_SYMBOL_EXTENSIONS = YES;
				CLANG_ANALYZER_NONNULL = YES;
				CLANG_ANALYZER_NUMBER_OBJECT_CONVERSION = YES_AGGRESSIVE;
				CLANG_CXX_LANGUAGE_STANDARD = "gnu++20";
				CLANG_ENABLE_MODULES = YES;
				CLANG_ENABLE_OBJC_ARC = YES;
				CLANG_ENABLE_OBJC_WEAK = YES;
				CLANG_WARN_BLOCK_CAPTURE_AUTORELEASING = YES;
				CLANG_WARN_BOOL_CONVERSION = YES;
				CLANG_WARN_COMMA = YES;
				CLANG_WARN_CONSTANT_CONVERSION = YES;
				CLANG_WARN_DEPRECATED_OBJC_IMPLEMENTATIONS = YES;
				CLANG_WARN_DIRECT_OBJC_ISA_USAGE = YES_ERROR;
				CLANG_WARN_DOCUMENTATION_COMMENTS = YES;
				CLANG_WARN_EMPTY_BODY = YES;
				CLANG_WARN_ENUM_CONVERSION = YES;
				CLANG_WARN_INFINITE_RECURSION = YES;
				CLANG_WARN_INT_CONVERSION = YES;
				CLANG_WARN_NON_LITERAL_NULL_CONVERSION = YES;
				CLANG_WARN_OBJC_IMPLICIT_RETAIN_SELF = YES;
				CLANG_WARN_OBJC_LITERAL_CONVERSION = YES;
				CLANG_WARN_OBJC_ROOT_CLASS = YES_ERROR;
				CLANG_WARN_QUOTED_INCLUDE_IN_FRAMEWORK_HEADER = YES;
				CLANG_WARN_RANGE_LOOP_ANALYSIS = YES;
				CLANG_WARN_STRICT_PROTOTYPES = YES;
				CLANG_WARN_SUSPICIOUS_MOVE = YES;
				CLANG_WARN_UNGUARDED_AVAILABILITY = YES_AGGRESSIVE;
				CLANG_WARN_UNREACHABLE_CODE = YES;
				CLANG_WARN__DUPLICATE_METHOD_MATCH = YES;
				COPY_PHASE_STRIP = NO;
				DEAD_CODE_STRIPPING = YES;
				DEBUG_INFORMATION_FORMAT = dwarf;
				ENABLE_STRICT_OBJC_MSGSEND = YES;
				ENABLE_TESTABILITY = YES;
				ENABLE_USER_SCRIPT_SANDBOXING = YES;
				GCC_C_LANGUAGE_STANDARD = gnu17;
				GCC_DYNAMIC_NO_PIC = NO;
				GCC_NO_COMMON_BLOCKS = YES;
				GCC_OPTIMIZATION_LEVEL = 0;
				GCC_PREPROCESSOR_DEFINITIONS = (
					"DEBUG=1",
					"$(inherited)",
				);
				GCC_WARN_64_TO_32_BIT_CONVERSION = YES;
				GCC_WARN_ABOUT_RETURN_TYPE = YES_ERROR;
				GCC_WARN_UNDECLARED_SELECTOR = YES;
				GCC_WARN_UNINITIALIZED_AUTOS = YES_AGGRESSIVE;
				GCC_WARN_UNUSED_FUNCTION = YES;
				GCC_WARN_UNUSED_VARIABLE = YES;
				LOCALIZATION_PREFERS_STRING_CATALOGS = YES;
				MACOSX_DEPLOYMENT_TARGET = 14.2;
				MTL_ENABLE_DEBUG_INFO = INCLUDE_SOURCE;
				MTL_FAST_MATH = YES;
				ONLY_ACTIVE_ARCH = YES;
				SDKROOT = macosx;
			};
			name = Debug;
		};
		4C4B9A102BF06DEB00CD068A /* Release */ = {
			isa = XCBuildConfiguration;
			buildSettings = {
				ALWAYS_SEARCH_USER_PATHS = NO;
				ASSETCATALOG_COMPILER_GENERATE_SWIFT_ASSET_SYMBOL_EXTENSIONS = YES;
				CLANG_ANALYZER_NONNULL = YES;
				CLANG_ANALYZER_NUMBER_OBJECT_CONVERSION = YES_AGGRESSIVE;
				CLANG_CXX_LANGUAGE_STANDARD = "gnu++20";
				CLANG_ENABLE_MODULES = YES;
				CLANG_ENABLE_OBJC_ARC = YES;
				CLANG_ENABLE_OBJC_WEAK = YES;
				CLANG_WARN_BLOCK_CAPTURE_AUTORELEASING = YES;
				CLANG_WARN_BOOL_CONVERSION = YES;
				CLANG_WARN_COMMA = YES;
				CLANG_WARN_CONSTANT_CONVERSION = YES;
				CLANG_WARN_DEPRECATED_OBJC_IMPLEMENTATIONS = YES;
				CLANG_WARN_DIRECT_OBJC_ISA_USAGE = YES_ERROR;
				CLANG_WARN_DOCUMENTATION_COMMENTS = YES;
				CLANG_WARN_EMPTY_BODY = YES;
				CLANG_WARN_ENUM_CONVERSION = YES;
				CLANG_WARN_INFINITE_RECURSION = YES;
				CLANG_WARN_INT_CONVERSION = YES;
				CLANG_WARN_NON_LITERAL_NULL_CONVERSION = YES;
				CLANG_WARN_OBJC_IMPLICIT_RETAIN_SELF = YES;
				CLANG_WARN_OBJC_LITERAL_CONVERSION = YES;
				CLANG_WARN_OBJC_ROOT_CLASS = YES_ERROR;
				CLANG_WARN_QUOTED_INCLUDE_IN_FRAMEWORK_HEADER = YES;
				CLANG_WARN_RANGE_LOOP_ANALYSIS = YES;
				CLANG_WARN_STRICT_PROTOTYPES = YES;
				CLANG_WARN_SUSPICIOUS_MOVE = YES;
				CLANG_WARN_UNGUARDED_AVAILABILITY = YES_AGGRESSIVE;
				CLANG_WARN_UNREACHABLE_CODE = YES;
				CLANG_WARN__DUPLICATE_METHOD_MATCH = YES;
				COPY_PHASE_STRIP = NO;
				DEAD_CODE_STRIPPING = YES;
				DEBUG_INFORMATION_FORMAT = "dwarf-with-dsym";
				ENABLE_NS_ASSERTIONS = NO;
				ENABLE_STRICT_OBJC_MSGSEND = YES;
				ENABLE_USER_SCRIPT_SANDBOXING = YES;
				GCC_C_LANGUAGE_STANDARD = gnu17;
				GCC_NO_COMMON_BLOCKS = YES;
				GCC_WARN_64_TO_32_BIT_CONVERSION = YES;
				GCC_WARN_ABOUT_RETURN_TYPE = YES_ERROR;
				GCC_WARN_UNDECLARED_SELECTOR = YES;
				GCC_WARN_UNINITIALIZED_AUTOS = YES_AGGRESSIVE;
				GCC_WARN_UNUSED_FUNCTION = YES;
				GCC_WARN_UNUSED_VARIABLE = YES;
				LOCALIZATION_PREFERS_STRING_CATALOGS = YES;
				MACOSX_DEPLOYMENT_TARGET = 14.2;
				MTL_ENABLE_DEBUG_INFO = NO;
				MTL_FAST_MATH = YES;
				SDKROOT = macosx;
			};
			name = Release;
		};
		4C4B9A122BF06DEB00CD068A /* Debug */ = {
			isa = XCBuildConfiguration;
			buildSettings = {
				CODE_SIGN_STYLE = Automatic;
				DEAD_CODE_STRIPPING = YES;
				PRODUCT_NAME = "$(TARGET_NAME)";
			};
			name = Debug;
		};
		4C4B9A132BF06DEB00CD068A /* Release */ = {
			isa = XCBuildConfiguration;
			buildSettings = {
				CODE_SIGN_STYLE = Automatic;
				DEAD_CODE_STRIPPING = YES;
				PRODUCT_NAME = "$(TARGET_NAME)";
			};
			name = Release;
		};
/* End XCBuildConfiguration section */

/* Begin XCConfigurationList section */
		4C4B9A052BF06DEB00CD068A /* Build configuration list for PBXProject "DubovSystem" */ = {
			isa = XCConfigurationList;
			buildConfigurations = (
				4C4B9A0F2BF06DEB00CD068A /* Debug */,
				4C4B9A102BF06DEB00CD068A /* Release */,
			);
			defaultConfigurationIsVisible = 0;
			defaultConfigurationName = Release;
		};
		4C4B9A112BF06DEB00CD068A /* Build configuration list for PBXNativeTarget "DubovSystem" */ = {
			isa = XCConfigurationList;
			buildConfigurations = (
				4C4B9A122BF06DEB00CD068A /* Debug */,
				4C4B9A132BF06DEB00CD068A /* Release */,
			);
			defaultConfigurationIsVisible = 0;
			defaultConfigurationName = Release;
		};
/* End XCConfigurationList section */
	};
	rootObject = 4C4B9A022BF06DEB00CD068A /* Project object */;
}
